
Microsoft Visual Studio Solution File, Format Version 12.00
# Visual Studio 15
VisualStudioVersion = 15.0.28307.421
MinimumVisualStudioVersion = 10.0.40219.1
Project("{FAE04EC0-301F-11D3-BF4B-00C04F79EFBC}") = "Ex1", "Ex1\Ex1.csproj", "{0CA26524-68ED-4396-B674-0A52258A8A37}"
EndProject
Global
	GlobalSection(SolutionConfigurationPlatforms) = preSolution
		Debug|Any CPU = Debug|Any CPU
		Release|Any CPU = Release|Any CPU
	EndGlobalSection
	GlobalSection(ProjectConfigurationPlatforms) = postSolution
		{0CA26524-68ED-4396-B674-0A52258A8A37}.Debug|Any CPU.ActiveCfg = Debug|Any CPU
		{0CA26524-68ED-4396-B674-0A52258A8A37}.Debug|Any CPU.Build.0 = Debug|Any CPU
		{0CA26524-68ED-4396-B674-0A52258A8A37}.Release|Any CPU.ActiveCfg = Release|Any CPU
		{0CA26524-68ED-4396-B674-0A52258A8A37}.Release|Any CPU.Build.0 = Release|Any CPU
	EndGlobalSection
	GlobalSection(SolutionProperties) = preSolution
		HideSolutionNode = FALSE
	EndGlobalSection
	GlobalSection(ExtensibilityGlobals) = postSolution
		SolutionGuid = {AAEC46CF-123D-4D27-A26F-23BEC50B1AE5}
	EndGlobalSection
EndGlobal
